github.com/aaronland/go-artisanal-integers v0.1.0 h1:WN00aqbjfElOD8dUngFMOdd9wEWW0vyitnOMSRaNqsk=
github.com/aaronland/go-artisanal-integers v0.1.0/go.mod h1:00F0qOpuZZkzWiSSEQYk6Ul1Oc5kwgcYgsfYRmuR+wY=
github.com/aaronland/go-artisanal-integers v0.1.1 h1:bLQmWqcqgPT1NOJFwJtZZ9O/QTnttO54ODiWIVuOW1Y=
github.com/aaronland/go-artisanal-integers v0.1.1/go.mod h1:ZTeFI+Ck+q+Dp11Htld5aU6V+YwEzxzprsBO0t9GPp8=
github.com/aaronland/go-artisanal-integers-proxy v0.2.0 h1:3gQznMIWKNXbm3iMVKVC9l7nuZUj3ySUSN889fKlxhQ=
github.com/aaronland/go-artisanal-integers-proxy v0.2.0/go.mod h1:7Pkt553bRIgRMzkyPzPzvPDweCxMG6wx96qMBLlCk/Y=
github.com/aaronland/go-artisanal-integers-proxy v0.2.4 h1:mEDcKoVxXRaLckzd+PNrhAnuL1Z1wcA94JERXFJHTFs=
github.com/aaronland/go-artisanal-integers-proxy v0.2.4/go.mod h1:kmvztPXIXR/pb+DL0UYo4yAqxN+hnJ3QXmaZqPNlrYs=
github.com/aaronland/go-brooklynintegers-api v1.0.2/go.mod h1:JlR7i6vciy3W0aMnid7cN/Ls9Pz/vaq1lNj9sCENQf0=
github.com/aaronland/go-brooklynintegers-api v1.1.0 h1:eyoSZjn3Qiy79H+1rG/HtkEShNBZkPUWs4YKpFWkuD8=
github.com/aaronland/go-brooklynintegers-api v1.1.0/go.mod h1:agceH8JW8PcdHGCyKEDmOntccB3m7xUKrUejHpxAs6U=
github.com/aaronland/go-brooklynintegers-api v1.2.1 h1:RLiHE4QOb1oIqyNKgdUpUz05u/a/6LlhTBI0JB1KLws=
github.com/aaronland/go-brooklynintegers-api v1.2.1/go.mod h1:vFyhY89Uc0LDZEaEam5EQ+2La2VlkTvSfExuZgZhmX4=
github.com/aaronland/go-londonintegers-api v0.1.0/go.mod h1:E0VIcwks+So4FL1FYAQzrO5/OVOUsFPsqW85UrZArSE=
github.com/aaronland/go-londonintegers-api v0.1.1 h1:/pRWI1FvcOuxsTkK4HY6xUiMPWQlQC7aozJTmf6f2Rk=
github.com/aaronland/go-londonintegers-api v0.1.1/go.mod h1:N7Y0jrx+ouRAMrFcdH4nvJH6vrszj8/3yOOe0F8EV1E=
github.com/aaronland/go-missionintegers-api v0.1.0/go.mod h1:LZEM5+MkPX5RehLxTEv+3Y3cqMSYEk86qBa+aVecnKw=
github.com/aaronland/go-missionintegers-api v0.1.1 h1:zn6ohxxdUp3UXD8kv7ZXceS6CbGemtyDjvMT1VLezKI=
github.com/aaronland/go-missionintegers-api v0.1.1/go.mod h1:CvByrizvklOxK6QD+Z4RNqACxHqqVjiB/GdWQfrB4Mc=
github.com/aaronland/go-pool v0.0.0-20191128211702-88306299c758 h1:m/JUyvxsCbgOyhecvs9WXFvZy9dj8BKu4T96J53d/ao=
github.com/aaronland/go-pool v0.0.0-20191128211702-88306299c758/go.mod h1:hL9EPOZJ6WVHaz7D0Jw1Dn1vaCOOSZNrYBTKMgDKYRk=
github.com/aaronland/go-roster v0.0.1 h1:r1l4n1HfWvEtOXZvhfXX0Won9Xf6QJsigdUdzOtuy/M=
github.com/aaronland/go-roster v0.0.1/go.mod h1:AcovpxlG1XxJxX2Fjqlm63fEIBhCjEIBV4lP87FZDmI=
github.com/aaronland/go-string v0.1.1 h1:btdr18owWCBN14ojKx3p+PBCKfm9qIggYEguPLUb2wE=
github.com/aaronland/go-string v0.1.1/go.mod h1:2aMIWdTqk63jZsaLLy+p9dsB1MDRqx4sHYoLtkwyYUo=
github.com/aaronland/go-uid v0.0.2 h1:5H3wtTBi58lkW5bqbaFR8Hp1MXfcraoJRlxKoUDeVfg=
github.com/aaronland/go-uid v0.0.2/go.mod h1:Kb/J05tYHWxp+Dkpod+oRkBKnxyw+szODwIQKIjvhj0=
github.com/aaronland/go-uid-artisanal v0.0.0-20191128230022-67bc446aa49d h1:2Sa8kTm10DVvAPESKu0XhQHNOBKpGxpkqLb7TvFMa4I=
github.com/aaronland/go-uid-artisanal v0.0.0-20191128230022-67bc446aa49d/go.mod h1:/fkI7C9H/GTB/TlLmNsKjHoNyXnYlkb/iG4Qp3tSCmE=
github.com/akrylysov/algnhsa v0.0.0-20190319020909-05b3d192e9a7/go.mod h1:HhzjNA0EjUWcwHTUMwqrpeAdIF3gRmpH0HpWx1hYJSc=
github.com/andreyvit/diff v0.0.0-20170406064948-c7f18ee00883/go.mod h1:rCTlJbsFo29Kk6CurOXKm700vrz8f0KW0JNfpkRJY/8=
github.com/aws/aws-lambda-go v1.9.0/go.mod h1:zUsUQhAUjYzR8AuduJPCfhBuKWUaDbQiPOG+ouzmE1A=
github.com/aws/aws-lambda-go v1.10.0/go.mod h1:zUsUQhAUjYzR8AuduJPCfhBuKWUaDbQiPOG+ouzmE1A=
github.com/cenkalti/backoff/v4 v4.0.0 h1:6VeaLF9aI+MAUQ95106HwWzYZgJJpZ4stumjj6RFYAU=
github.com/cenkalti/backoff/v4 v4.0.0/go.mod h1:eEew/i+1Q6OrCDZh3WiXYv3+nJwBASZ8Bog/87DQnVg=
github.com/davecgh/go-spew v1.1.0/go.mod h1:J7Y8YcW2NihsgmVo/mv3lAwl/skON4iLHjSsI+c5H38=
github.com/davecgh/go-spew v1.1.1 h1:vj9j/u1bqnvCEfJOwUhtlOARqs3+rkHYY13jYWTU97c=
github.com/davecgh/go-spew v1.1.1/go.mod h1:J7Y8YcW2NihsgmVo/mv3lAwl/skON4iLHjSsI+c5H38=
github.com/go-ini/ini v1.42.0/go.mod h1:ByCAeIL28uOIIG0E3PJtZPDL8WnHpFKFOtgjp+3Ies8=
github.com/gogo/protobuf v1.3.0/go.mod h1:SlYgWuQ5SjCEi6WLHjHCa1yvBfUnHcTbrrZtXPKa29o=
github.com/gopherjs/gopherjs v0.0.0-20181017120253-0766667cb4d1/go.mod h1:wJfORRmW1u3UXTncJ5qlYoELFm8eSnnEO6hX4iZ3EWY=
github.com/hashicorp/errwrap v0.0.0-20141028054710-7554cd9344ce h1:prjrVgOk2Yg6w+PflHoszQNLTUh4kaByUcEWM/9uin4=
github.com/hashicorp/errwrap v0.0.0-20141028054710-7554cd9344ce/go.mod h1:YH+1FKiLXxHSkmPseP+kNlulaMuP3n2brvKWEqk/Jc4=
github.com/hashicorp/errwrap v1.0.0 h1:hLrqtEDnRye3+sgx6z4qVLNuviH3MR5aQ0ykNJa/UYA=
github.com/hashicorp/errwrap v1.0.0/go.mod h1:YH+1FKiLXxHSkmPseP+kNlulaMuP3n2brvKWEqk/Jc4=
github.com/hashicorp/go-multierror v0.0.0-20171204182908-b7773ae21874 h1:em+tTnzgU7N22woTBMcSJAOW7tRHAkK597W+MD/CpK8=
github.com/hashicorp/go-multierror v0.0.0-20171204182908-b7773ae21874/go.mod h1:JMRHfdO9jKNzS/+BTlxCjKNQHg/jZAft8U7LloJvN7I=
github.com/hashicorp/go-multierror v1.0.0 h1:iVjPR7a6H0tWELX5NxNe7bYopibicUzc7uPribsnS6o=
github.com/hashicorp/go-multierror v1.0.0/go.mod h1:dHtQlpGsu+cZNNAkkCN/P3hoUDHhCYQXV3UM06sGGrk=
github.com/jtolds/gls v4.20.0+incompatible/go.mod h1:QJZ7F/aHp+rZTRtaJ1ow/lLfFfVYBRgL+9YlvaHOwJU=
github.com/kisielk/errcheck v1.2.0/go.mod h1:/BMXB+zMLi60iA8Vv6Ksmxu/1UDYcXs4uQLJ+jE2L00=
github.com/kisielk/gotool v1.0.0/go.mod h1:XhKaO+MFFWcvkIS/tQcRk01m1F5IRFswLeQ+oQHNcck=
github.com/mmcloughlin/geohash v0.9.0 h1:FihR004p/aE1Sju6gcVq5OLDqGcMnpBY+8moBqIsVOs=
github.com/mmcloughlin/geohash v0.9.0/go.mod h1:oNZxQo5yWJh0eMQEP/8hwQuVx9Z9tjwFUqcTB1SmG0c=
github.com/paulmach/orb v0.1.5 h1:GUcATabvxciqEzGd+c01/9ek3B6pUp9OdcIHFSDDSSg=
github.com/paulmach/orb v0.1.5/go.mod h1:pPwxxs3zoAyosNSbNKn1jiXV2+oovRDObDKfTvRegDI=
github.com/pkg/errors v0.8.0/go.mod h1:bwawxfHBFNV+L2hUp1rHADufV3IMtnDRdf1r5NINEl0=
github.com/pkg/errors v0.8.1 h1:iURUrRGxPUNPdy5/HRSm+Yj6okJ6UtLINN0Q9M4+h3I=
github.com/pkg/errors v0.8.1/go.mod h1:bwawxfHBFNV+L2hUp1rHADufV3IMtnDRdf1r5NINEl0=
github.com/pmezard/go-difflib v1.0.0 h1:4DBwDE0NGyQoBHbLQYPwSUPoCMWR5BEzIk/f1lZbAQM=
github.com/pmezard/go-difflib v1.0.0/go.mod h1:iKH77koFhYxTK1pcRnkKkqfTogsbg7gZNVY4sRDYZ/4=
github.com/sergi/go-diff v1.0.0 h1:Kpca3qRNrduNnOQeazBd0ysaKrUJiIuISHxogkT9RPQ=
github.com/sergi/go-diff v1.0.0/go.mod h1:0CfEIISq7TuYL3j771MWULgwwjU+GofnZX9QAmXWZgo=
github.com/skelterjohn/geom v0.0.0-20180103142417-96f3e8a219c5 h1:qQF/q/+xaKD4CAVz3zfuvpij8U4ihSGIhHfOROI4NFc=
github.com/skelterjohn/geom v0.0.0-20180103142417-96f3e8a219c5/go.mod h1:w8cQIijHlvvZM7afYlixPThHAdD+AkRFw3Mb9yQ2Y+I=
github.com/smartystreets/assertions v0.0.0-20180927180507-b2de0cb4f26d/go.mod h1:OnSkiWE9lh6wB0YB77sQom3nweQdgAjqCqsofrRNTgc=
github.com/smartystreets/assertions v1.0.1 h1:voD4ITNjPL5jjBfgR/r8fPIIBrliWrWHeiJApdr3r4w=
github.com/smartystreets/assertions v1.0.1/go.mod h1:kHHU4qYBaI3q23Pp3VPrmWhuIUrLW/7eUrw0BU5VaoM=
github.com/smartystreets/goconvey v0.0.0-20190330032615-68dc04aab96a/go.mod h1:syvi0/a8iFYH4r/RixwvyeAJjdLS9QV7WQ/tjFTllLA=
github.com/smartystreets/gunit v1.0.2 h1:nCXf7TXGchqk8zNVQFTtbeW6rGSrlp9ir9h8wmx0xws=
github.com/smartystreets/gunit v1.0.2/go.mod h1:EH5qMBab2UclzXUcpR8b93eHsIlp9u+pDQIRp5DZNzQ=
github.com/smartystreets/scanners v1.0.1 h1:2agJtMyoQaMSemkIO46O74MRvgaEnANniKKpAuS83dw=
github.com/smartystreets/scanners v1.0.1/go.mod h1:SN7oTaWJcoB+tLT74A2wUS43qJOLuphxRyWVGlsuiHI=
github.com/stretchr/objx v0.1.0/go.mod h1:HFkY916IF+rwdDfMAkV7OtwuqBVzrE8GR6GFx+wExME=
github.com/stretchr/testify v1.3.0 h1:TivCn/peBQ7UY8ooIcPgZFpTNSz0Q2U6UrFlUfqbe0Q=
github.com/stretchr/testify v1.3.0/go.mod h1:M5WIy9Dh21IEIfnGCwXGc5bZfKNJtfHm1UVUgZn+9EI=
github.com/stretchr/testify v1.4.0 h1:2E4SXV/wtOkTonXsotYi4li6zVWxYlZuYNCXe9XRJyk=
github.com/stretchr/testify v1.4.0/go.mod h1:j7eGeouHqKxXV5pUuKE4zz7dFj8WfuZ+81PSLYec5m4=
github.com/stretchr/testify v1.5.1 h1:nOGnQDM7FYENwehXlg/kFVnos3rEvtKTjRvOWSzb6H4=
github.com/stretchr/testify v1.5.1/go.mod h1:5W2xD1RspED5o8YsWQXVCued0rvSQ+mT+I5cxcmMvtA=
github.com/tidwall/gjson v1.3.5 h1:2oW9FBNu8qt9jy5URgrzsVx/T/KSn3qn/smJQ0crlDQ=
github.com/tidwall/gjson v1.3.5/go.mod h1:P256ACg0Mn+j1RXIDXoss50DeIABTYK1PULOJHhxOls=
github.com/tidwall/match v1.0.1 h1:PnKP62LPNxHKTwvHHZZzdOAOCtsJTjo6dZLCwpKm5xc=
github.com/tidwall/match v1.0.1/go.mod h1:LujAq0jyVjBy028G1WhWfIzbpQfMO8bBZ6Tyb0+pL9E=
github.com/tidwall/pretty v0.0.0-20190325153808-1166b9ac2b65 h1:rQ229MBgvW68s1/g6f1/63TgYwYxfF4E+bi/KC19P8g=
github.com/tidwall/pretty v0.0.0-20190325153808-1166b9ac2b65/go.mod h1:XNkn88O1ChpSDQmQeStsy+sBenx6DDtFZJxhVysOjyk=
github.com/tidwall/pretty v1.0.0 h1:HsD+QiTn7sK6flMKIvNmpqz1qrpP3Ps6jOKIKMooyg4=
github.com/tidwall/pretty v1.0.0/go.mod h1:XNkn88O1ChpSDQmQeStsy+sBenx6DDtFZJxhVysOjyk=
github.com/tidwall/sjson v1.0.4 h1:UcdIRXff12Lpnu3OLtZvnc03g4vH2suXDXhBwBqmzYg=
github.com/tidwall/sjson v1.0.4/go.mod h1:bURseu1nuBkFpIES5cz6zBtjmYeOQmEESshn7VpF15Y=
github.com/whosonfirst/algnhsa v0.1.0/go.mod h1:swLBXxaVTv3s6dJLhekdQCuCTshUew+xHjptRC21RG0=
github.com/whosonfirst/go-whosonfirst-cli v0.1.0/go.mod h1:Edy+amD+fMq1QS1yxB3u8maA8I93q/LG7JRNh+fsdfc=
github.com/whosonfirst/go-whosonfirst-crawl v0.2.1 h1:nNG7r7/4MaII/NM8Df2oqgfgVNBDoIKlseleoX1vw1Q=
github.com/whosonfirst/go-whosonfirst-crawl v0.2.1/go.mod h1:MTD1TCgAkXlAtysPU98ylrz9Y5+ZCfRrsrBnRyiH/t8=
github.com/whosonfirst/go-whosonfirst-export v0.3.2 h1:AEqCsrEUkPLhpidRh2kVep4apa8OLRMX9ta+YrA+XRs=
github.com/whosonfirst/go-whosonfirst-export v0.3.2/go.mod h1:j6LoSFbUFWt8yt54U88JsYUgcHfwVgLflWFQKkNN5WI=
github.com/whosonfirst/go-whosonfirst-flags v0.1.0 h1:llb2wtsI2y+gHZCmWaamMCx4YDRE8ZXQRRYqC7qB4so=
github.com/whosonfirst/go-whosonfirst-flags v0.1.0/go.mod h1:bovMiQphaVhqemXFmNVf9Ts0tqnWtzHRFMUSKX+zTE8=
github.com/whosonfirst/go-whosonfirst-format v0.3.0 h1:PEhduZdcTBYynvIQPARBTkEQ8csJnipLgILq/F98o/0=
github.com/whosonfirst/go-whosonfirst-format v0.3.0/go.mod h1:OVt+Nc3jg+XIcrOuWHPvA3Vz4eEJ6uBzwlFlIdw4+Ak=
github.com/whosonfirst/go-whosonfirst-geojson-v2 v0.12.3 h1:v4BLn+kM/BB2x1ZiMLlPAiBcFjmWnEGJmnIGqvZC/LI=
github.com/whosonfirst/go-whosonfirst-geojson-v2 v0.12.3/go.mod h1:/F8jdjew5bCB9J6G0xyMMEay+pQv/WuARYhASMKZbR4=
github.com/whosonfirst/go-whosonfirst-hash v0.1.0 h1:FpnclPIb+8M1uhSXfl3z8nYcG/3O59vgfkdV+m0hQpA=
github.com/whosonfirst/go-whosonfirst-hash v0.1.0/go.mod h1:1ZdCFZTnQt5bwnsj2daB9yHilKOKToVh+Tyj/Z8TbUk=
github.com/whosonfirst/go-whosonfirst-id v0.0.2 h1:MYtBPYtOND/KSLYeaoURWyh2OkyVqwpOXSuNj9vNf9Q=
github.com/whosonfirst/go-whosonfirst-id v0.0.2/go.mod h1:/Oq+Gbvlf33mixjc1aMqAAaOh1JB+wWlNRptbSqP0vI=
github.com/whosonfirst/go-whosonfirst-id-proxy v0.0.1 h1:nTGnC6ZHWwt4w4MwXlJ5SpHDzOdoL+8vFkXyaKIm4X0=
github.com/whosonfirst/go-whosonfirst-id-proxy v0.0.1/go.mod h1:53NH695H1SYDLAYbouOZ7gTTvHA9DuEarhikyuP3sQs=
github.com/whosonfirst/go-whosonfirst-index v0.3.1 h1:2jM8HPMjFlFblKczfAGibhR2+J/vXrzR76e3OuVvtUc=
github.com/whosonfirst/go-whosonfirst-index v0.3.1/go.mod h1:lebfpAgDKaDBJL3u98IJclttOKTnj7GvCsRZv14wmbE=
github.com/whosonfirst/go-whosonfirst-log v0.1.0 h1:mWYI5hn16uyeLxBmPsLSvYV4rQKK/cxGVhM+bC2ZoGc=
github.com/whosonfirst/go-whosonfirst-log v0.1.0/go.mod h1:pmgBbxZSnjGVy2nsUJBBMcFagxwIKLlmRsW7ClkXmac=
github.com/whosonfirst/go-whosonfirst-placetypes v0.1.0 h1:zuSk8eqeEkg42sIZ4EF71IMtphdTbG80qJsXhuZXXbM=
github.com/whosonfirst/go-whosonfirst-placetypes v0.1.0/go.mod h1:Jdmug2QQLbrmg+UcYGz8k575GnrOEg63vZVS46e5fMs=
github.com/whosonfirst/go-whosonfirst-pool v0.1.0/go.mod h1:6LeQYv7hVK16LVevMuOuaLRfgI3JDtaoVxaMMVqRS38=
github.com/whosonfirst/go-whosonfirst-sources v0.1.0 h1:JuKLa6KWke22jBfJ1pM9WQHoz1/3pbDv2C+aR+THPPQ=
github.com/whosonfirst/go-whosonfirst-sources v0.1.0/go.mod h1:EUMHyGzUmqPPxlMmOp+28BFeoBdxxE0HCKRd67lkqGM=
github.com/whosonfirst/go-whosonfirst-spr v0.1.0 h1:5qE629nCiucF2upy5NjPOEl9cFatsljykYY0l2JKgAk=
github.com/whosonfirst/go-whosonfirst-spr v0.1.0/go.mod h1:R8GtEVz1GVSnwwOjzcoVUd172ZK26Q7hQSLI6SGG7lM=
github.com/whosonfirst/go-whosonfirst-uri v0.2.0 h1:iODHdyvW+8IXqHZTixZ/9GEZy1dVKGj6dMRg7fn0d2M=
github.com/whosonfirst/go-whosonfirst-uri v0.2.0/go.mod h1:8eaDVcc4v+HHHEDaRbApdmhPwM4/JQllw2PktvZcPVs=
github.com/whosonfirst/walk v0.0.1 h1:t0QrqGwOdPMSeovFZSXfiS0GIGHrRXK3Wb9z5Uhs2bg=
github.com/whosonfirst/walk v0.0.1/go.mod h1:1KtP/VeooSlFOI61p+THc/C16Ra8Z5MjpjI0tsd3c1M=
github.com/whosonfirst/warning v0.1.0 h1:NgMa6a6Xv7FdDNgpqK5j/FDo6qrcFzFtidAExDqPfC0=
github.com/whosonfirst/warning v0.1.0/go.mod h1:cAez7FpC/UEUrbiOXZO15v2JM8eijtFHQlN93AGFy1k=
github.com/whosonfirst/warning v0.1.1 h1:h29zL3VNL9VUHztkAAndzblhrDHyik9z47OuUR2Vovw=
github.com/whosonfirst/warning v0.1.1/go.mod h1:/unEMzhB9YaMeEwTJpzLN3kM5LiSxdJhKEsf/OQhn6s=
go.uber.org/atomic v1.6.0 h1:Ezj3JGmsOnG1MoRWQkPBsKLe9DwWD9QeXzTRzzldNVk=
go.uber.org/atomic v1.6.0/go.mod h1:sABNBOSYdrvTF6hTgEIbc7YasKWGhgEQZyfxyTvoXHQ=
go.uber.org/ratelimit v0.1.0 h1:U2AruXqeTb4Eh9sYQSTrMhH8Cb7M0Ian2ibBOnBcnAw=
go.uber.org/ratelimit v0.1.0/go.mod h1:2X8KaoNd1J0lZV+PxJk/5+DGbO/tpwLR1m++a7FnB/Y=
golang.org/x/crypto v0.0.0-20190308221718-c2843e01d9a2/go.mod h1:djNgcEr1/C05ACkg1iLfiJU5Ep61QUkGW8qpdssI0+w=
golang.org/x/lint v0.0.0-20190930215403-16217165b5de h1:5hukYrvBGR8/eNkX5mdUezrA6JiaEZDtJb9Ei+1LlBs=
golang.org/x/lint v0.0.0-20190930215403-16217165b5de/go.mod h1:6SW0HCj/g11FgYtHlgUYUwCkIfeOF89ocIRzGO/8vkc=
golang.org/x/net v0.0.0-20190311183353-d8887717615a/go.mod h1:t9HGtf8HONx5eT2rtn7q6eTqICYqUVnKs3thJo3Qplg=
golang.org/x/net v0.0.0-20190620200207-3b0461eec859/go.mod h1:z5CRVTTTmAJ677TzLLGU+0bjPO0LkuOLi4/5GtJWs/s=
golang.org/x/sync v0.0.0-20190423024810-112230192c58 h1:8gQV6CLnAEikrhgkHFbMAEhagSSnXWGV915qUMm9mrU=
golang.org/x/sync v0.0.0-20190423024810-112230192c58/go.mod h1:RxMgew5VJxzue5/jJTE5uejpjVlOe/izrB70Jof72aM=
golang.org/x/sync v0.0.0-20190911185100-cd5d95a43a6e h1:vcxGaoTs7kV8m5Np9uUNQin4BrLOthgV7252N8V+FwY=
golang.org/x/sync v0.0.0-20190911185100-cd5d95a43a6e/go.mod h1:RxMgew5VJxzue5/jJTE5uejpjVlOe/izrB70Jof72aM=
golang.org/x/sys v0.0.0-20190215142949-d0b11bdaac8a/go.mod h1:STP8DvDyc/dI5b8T5hshtkjS+E42TnysNCUPdjciGhY=
golang.org/x/text v0.3.0/go.mod h1:NqM8EUOU14njkJ3fqMW+pc6Ldnwhi/IjpwHt7yyuwOQ=
golang.org/x/tools v0.0.0-20181030221726-6c7e314b6563/go.mod h1:n7NCudcB/nEzxVGmLbDWY5pfWTLqBcC2KZ6jyYvM4mQ=
golang.org/x/tools v0.0.0-20190311212946-11955173bddd/go.mod h1:LCzVGOaR6xXOjkQ3onu1FJEFr0SW1gC7cKk1uF8kGRs=
golang.org/x/tools v0.0.0-20190328211700-ab21143f2384/go.mod h1:LCzVGOaR6xXOjkQ3onu1FJEFr0SW1gC7cKk1uF8kGRs=
golang.org/x/tools v0.0.0-20191029041327-9cc4af7d6b2c h1:IGkKhmfzcztjm6gYkykvu/NiS8kaqbCWAEWWAyf8J5U=
golang.org/x/tools v0.0.0-20191029041327-9cc4af7d6b2c/go.mod h1:b+2E5dAYhXwXZwtnZ6UAqBI28+e2cm9otk0dWdXHAEo=
golang.org/x/xerrors v0.0.0-20190717185122-a985d3407aa7/go.mod h1:I/5z698sn9Ka8TeJc9MKroUUfqBBauWjQqLJ2OPfmY0=
gopkg.in/check.v1 v0.0.0-20161208181325-20d25e280405 h1:yhCVgyC4o1eVCa2tZl7eS0r+SDo693bJlVdllGtEeKM=
gopkg.in/check.v1 v0.0.0-20161208181325-20d25e280405/go.mod h1:Co6ibVJAznAaIkqp8huTwlJQCZ016jof/cbN4VW5Yz0=
gopkg.in/ini.v1 v1.42.0/go.mod h1:pNLf8WUiyNEtQjuu5G5vTm06TEv9tsIgeAvK8hOrP4k=
gopkg.in/yaml.v2 v2.2.2 h1:ZCJp+EgiOT7lHqUV2J862kp8Qj64Jo6az82+3Td9dZw=
gopkg.in/yaml.v2 v2.2.2/go.mod h1:hI93XBmqTisBFMUTm0b8Fm+jr3Dg1NNxqwp+5A1VGuI=
